
Microsoft Visual Studio Solution File, Format Version 12.00
# Visual Studio 15
VisualStudioVersion = 15.0.28307.421
MinimumVisualStudioVersion = 10.0.40219.1
Project("{FAE04EC0-301F-11D3-BF4B-00C04F79EFBC}") = "LayOut", "LayOut\LayOut.csproj", "{EBCBAF80-60B8-4C06-9482-29D5AA041DB0}"
EndProject
Project("{FAE04EC0-301F-11D3-BF4B-00C04F79EFBC}") = "LayOut.Tests", "LayOut.Tests\LayOut.Tests.csproj", "{B2CC0A58-A69B-4380-8897-6FC589C7704C}"
EndProject
Global
	GlobalSection(SolutionConfigurationPlatforms) = preSolution
		Debug|Any CPU = Debug|Any CPU
		Release|Any CPU = Release|Any CPU
	EndGlobalSection
	GlobalSection(ProjectConfigurationPlatforms) = postSolution
		{EBCBAF80-60B8-4C06-9482-29D5AA041DB0}.Debug|Any CPU.ActiveCfg = Debug|Any CPU
		{EBCBAF80-60B8-4C06-9482-29D5AA041DB0}.Debug|Any CPU.Build.0 = Debug|Any CPU
		{EBCBAF80-60B8-4C06-9482-29D5AA041DB0}.Release|Any CPU.ActiveCfg = Release|Any CPU
		{EBCBAF80-60B8-4C06-9482-29D5AA041DB0}.Release|Any CPU.Build.0 = Release|Any CPU
		{B2CC0A58-A69B-4380-8897-6FC589C7704C}.Debug|Any CPU.ActiveCfg = Debug|Any CPU
		{B2CC0A58-A69B-4380-8897-6FC589C7704C}.Debug|Any CPU.Build.0 = Debug|Any CPU
		{B2CC0A58-A69B-4380-8897-6FC589C7704C}.Release|Any CPU.ActiveCfg = Release|Any CPU
		{B2CC0A58-A69B-4380-8897-6FC589C7704C}.Release|Any CPU.Build.0 = Release|Any CPU
	EndGlobalSection
	GlobalSection(SolutionProperties) = preSolution
		HideSolutionNode = FALSE
	EndGlobalSection
	GlobalSection(ExtensibilityGlobals) = postSolution
		SolutionGuid = {2820D216-A87D-4904-87E0-2B5D8DE55751}
	EndGlobalSection
EndGlobal
